
Microsoft Visual Studio Solution File, Format Version 12.00
# Visual Studio Version 17
VisualStudioVersion = 17.0.31903.59
MinimumVisualStudioVersion = 10.0.40219.1
Project("{FAE04EC0-301F-11D3-BF4B-00C04F79EFBC}") = "SOLIDPrinciples", "SOLIDPrinciples\SOLIDPrinciples.csproj", "{346EE597-19DE-4A43-984A-1C49D8ED2F85}"
EndProject
Project("{2150E333-8FDC-42A3-9474-1A3956D46DE8}") = "SOLIDPrinciples", "SOLIDPrinciples", "{59896B04-EDB9-453C-B64B-1FBC399FA070}"
EndProject
Project("{FAE04EC0-301F-11D3-BF4B-00C04F79EFBC}") = "SOLID.Tests", "SOLID.Tests\SOLID.Tests.csproj", "{6C8B9472-B63B-43F8-8FEA-459808345AB0}"
EndProject
Project("{FAE04EC0-301F-11D3-BF4B-00C04F79EFBC}") = "OOP", "OOP\OOP.csproj", "{0D2874D5-C5BC-4AF3-B852-6F3A194BC1B5}"
EndProject
Project("{FAE04EC0-301F-11D3-BF4B-00C04F79EFBC}") = "OOP.Tests", "OOP.Tests\OOP.Tests.csproj", "{52059E2A-9950-43BB-BD5E-A40AE375203B}"
EndProject
Project("{2150E333-8FDC-42A3-9474-1A3956D46DE8}") = "Design Patterns", "Design Patterns", "{837BE5E4-3DFA-8F18-8167-125F075A5993}"
EndProject
Project("{FAE04EC0-301F-11D3-BF4B-00C04F79EFBC}") = "Structural", "Design Patterns\Structural\Structural.csproj", "{91D907EC-A000-4294-8537-E59181BFA972}"
EndProject
Project("{FAE04EC0-301F-11D3-BF4B-00C04F79EFBC}") = "Structural.Tests", "Design Patterns\Structural.Tests\Structural.Tests.csproj", "{EB2A7696-C753-41CF-8623-A944F22F188A}"
EndProject
Project("{FAE04EC0-301F-11D3-BF4B-00C04F79EFBC}") = "Behavioral", "Design Patterns\Behavioral\Behavioral.csproj", "{91D907EC-A000-4294-8537-E59181BFA972}"
EndProject
Project("{FAE04EC0-301F-11D3-BF4B-00C04F79EFBC}") = "Behavioral.Tests", "Design Patterns\Behavioral.Tests\Behavioral.Tests.csproj", "{EB2A7696-C753-41CF-8623-A944F22F188A}"
EndProject
Project("{FAE04EC0-301F-11D3-BF4B-00C04F79EFBC}") = "Creational", "Design Patterns\Creational\Creational.csproj", "{91D907EC-A000-4294-8537-E59181BFA972}"
EndProject
Project("{FAE04EC0-301F-11D3-BF4B-00C04F79EFBC}") = "Creational.Tests", "Design Patterns\Creational.Tests\Creational.Tests.csproj", "{EB2A7696-C753-41CF-8623-A944F22F188A}"
EndProject
Global
	GlobalSection(SolutionConfigurationPlatforms) = preSolution
		Debug|Any CPU = Debug|Any CPU
		Debug|x64 = Debug|x64
		Debug|x86 = Debug|x86
		Release|Any CPU = Release|Any CPU
		Release|x64 = Release|x64
		Release|x86 = Release|x86
	EndGlobalSection
	GlobalSection(ProjectConfigurationPlatforms) = postSolution
		{346EE597-19DE-4A43-984A-1C49D8ED2F85}.Debug|Any CPU.ActiveCfg = Debug|Any CPU
		{346EE597-19DE-4A43-984A-1C49D8ED2F85}.Debug|Any CPU.Build.0 = Debug|Any CPU
		{346EE597-19DE-4A43-984A-1C49D8ED2F85}.Debug|x64.ActiveCfg = Debug|Any CPU
		{346EE597-19DE-4A43-984A-1C49D8ED2F85}.Debug|x64.Build.0 = Debug|Any CPU
		{346EE597-19DE-4A43-984A-1C49D8ED2F85}.Debug|x86.ActiveCfg = Debug|Any CPU
		{346EE597-19DE-4A43-984A-1C49D8ED2F85}.Debug|x86.Build.0 = Debug|Any CPU
		{346EE597-19DE-4A43-984A-1C49D8ED2F85}.Release|Any CPU.ActiveCfg = Release|Any CPU
		{346EE597-19DE-4A43-984A-1C49D8ED2F85}.Release|Any CPU.Build.0 = Release|Any CPU
		{346EE597-19DE-4A43-984A-1C49D8ED2F85}.Release|x64.ActiveCfg = Release|Any CPU
		{346EE597-19DE-4A43-984A-1C49D8ED2F85}.Release|x64.Build.0 = Release|Any CPU
		{346EE597-19DE-4A43-984A-1C49D8ED2F85}.Release|x86.ActiveCfg = Release|Any CPU
		{346EE597-19DE-4A43-984A-1C49D8ED2F85}.Release|x86.Build.0 = Release|Any CPU
		{6C8B9472-B63B-43F8-8FEA-459808345AB0}.Debug|Any CPU.ActiveCfg = Debug|Any CPU
		{6C8B9472-B63B-43F8-8FEA-459808345AB0}.Debug|Any CPU.Build.0 = Debug|Any CPU
		{6C8B9472-B63B-43F8-8FEA-459808345AB0}.Debug|x64.ActiveCfg = Debug|Any CPU
		{6C8B9472-B63B-43F8-8FEA-459808345AB0}.Debug|x64.Build.0 = Debug|Any CPU
		{6C8B9472-B63B-43F8-8FEA-459808345AB0}.Debug|x86.ActiveCfg = Debug|Any CPU
		{6C8B9472-B63B-43F8-8FEA-459808345AB0}.Debug|x86.Build.0 = Debug|Any CPU
		{6C8B9472-B63B-43F8-8FEA-459808345AB0}.Release|Any CPU.ActiveCfg = Release|Any CPU
		{6C8B9472-B63B-43F8-8FEA-459808345AB0}.Release|Any CPU.Build.0 = Release|Any CPU
		{6C8B9472-B63B-43F8-8FEA-459808345AB0}.Release|x64.ActiveCfg = Release|Any CPU
		{6C8B9472-B63B-43F8-8FEA-459808345AB0}.Release|x64.Build.0 = Release|Any CPU
		{6C8B9472-B63B-43F8-8FEA-459808345AB0}.Release|x86.ActiveCfg = Release|Any CPU
		{6C8B9472-B63B-43F8-8FEA-459808345AB0}.Release|x86.Build.0 = Release|Any CPU
		{0D2874D5-C5BC-4AF3-B852-6F3A194BC1B5}.Debug|Any CPU.ActiveCfg = Debug|Any CPU
		{0D2874D5-C5BC-4AF3-B852-6F3A194BC1B5}.Debug|Any CPU.Build.0 = Debug|Any CPU
		{0D2874D5-C5BC-4AF3-B852-6F3A194BC1B5}.Debug|x64.ActiveCfg = Debug|Any CPU
		{0D2874D5-C5BC-4AF3-B852-6F3A194BC1B5}.Debug|x64.Build.0 = Debug|Any CPU
		{0D2874D5-C5BC-4AF3-B852-6F3A194BC1B5}.Debug|x86.ActiveCfg = Debug|Any CPU
		{0D2874D5-C5BC-4AF3-B852-6F3A194BC1B5}.Debug|x86.Build.0 = Debug|Any CPU
		{0D2874D5-C5BC-4AF3-B852-6F3A194BC1B5}.Release|Any CPU.ActiveCfg = Release|Any CPU
		{0D2874D5-C5BC-4AF3-B852-6F3A194BC1B5}.Release|Any CPU.Build.0 = Release|Any CPU
		{0D2874D5-C5BC-4AF3-B852-6F3A194BC1B5}.Release|x64.ActiveCfg = Release|Any CPU
		{0D2874D5-C5BC-4AF3-B852-6F3A194BC1B5}.Release|x64.Build.0 = Release|Any CPU
		{0D2874D5-C5BC-4AF3-B852-6F3A194BC1B5}.Release|x86.ActiveCfg = Release|Any CPU
		{0D2874D5-C5BC-4AF3-B852-6F3A194BC1B5}.Release|x86.Build.0 = Release|Any CPU
		{52059E2A-9950-43BB-BD5E-A40AE375203B}.Debug|Any CPU.ActiveCfg = Debug|Any CPU
		{52059E2A-9950-43BB-BD5E-A40AE375203B}.Debug|Any CPU.Build.0 = Debug|Any CPU
		{52059E2A-9950-43BB-BD5E-A40AE375203B}.Debug|x64.ActiveCfg = Debug|Any CPU
		{52059E2A-9950-43BB-BD5E-A40AE375203B}.Debug|x64.Build.0 = Debug|Any CPU
		{52059E2A-9950-43BB-BD5E-A40AE375203B}.Debug|x86.ActiveCfg = Debug|Any CPU
		{52059E2A-9950-43BB-BD5E-A40AE375203B}.Debug|x86.Build.0 = Debug|Any CPU
		{52059E2A-9950-43BB-BD5E-A40AE375203B}.Release|Any CPU.ActiveCfg = Release|Any CPU
		{52059E2A-9950-43BB-BD5E-A40AE375203B}.Release|Any CPU.Build.0 = Release|Any CPU
		{52059E2A-9950-43BB-BD5E-A40AE375203B}.Release|x64.ActiveCfg = Release|Any CPU
		{52059E2A-9950-43BB-BD5E-A40AE375203B}.Release|x64.Build.0 = Release|Any CPU
		{52059E2A-9950-43BB-BD5E-A40AE375203B}.Release|x86.ActiveCfg = Release|Any CPU
		{52059E2A-9950-43BB-BD5E-A40AE375203B}.Release|x86.Build.0 = Release|Any CPU
		{91D907EC-A000-4294-8537-E59181BFA972}.Debug|Any CPU.ActiveCfg = Debug|Any CPU
		{91D907EC-A000-4294-8537-E59181BFA972}.Debug|Any CPU.Build.0 = Debug|Any CPU
		{91D907EC-A000-4294-8537-E59181BFA972}.Debug|x64.ActiveCfg = Debug|Any CPU
		{91D907EC-A000-4294-8537-E59181BFA972}.Debug|x64.Build.0 = Debug|Any CPU
		{91D907EC-A000-4294-8537-E59181BFA972}.Debug|x86.ActiveCfg = Debug|Any CPU
		{91D907EC-A000-4294-8537-E59181BFA972}.Debug|x86.Build.0 = Debug|Any CPU
		{91D907EC-A000-4294-8537-E59181BFA972}.Release|Any CPU.ActiveCfg = Release|Any CPU
		{91D907EC-A000-4294-8537-E59181BFA972}.Release|Any CPU.Build.0 = Release|Any CPU
		{91D907EC-A000-4294-8537-E59181BFA972}.Release|x64.ActiveCfg = Release|Any CPU
		{91D907EC-A000-4294-8537-E59181BFA972}.Release|x64.Build.0 = Release|Any CPU
		{91D907EC-A000-4294-8537-E59181BFA972}.Release|x86.ActiveCfg = Release|Any CPU
		{91D907EC-A000-4294-8537-E59181BFA972}.Release|x86.Build.0 = Release|Any CPU
		{EB2A7696-C753-41CF-8623-A944F22F188A}.Debug|Any CPU.ActiveCfg = Debug|Any CPU
		{EB2A7696-C753-41CF-8623-A944F22F188A}.Debug|Any CPU.Build.0 = Debug|Any CPU
		{EB2A7696-C753-41CF-8623-A944F22F188A}.Debug|x64.ActiveCfg = Debug|Any CPU
		{EB2A7696-C753-41CF-8623-A944F22F188A}.Debug|x64.Build.0 = Debug|Any CPU
		{EB2A7696-C753-41CF-8623-A944F22F188A}.Debug|x86.ActiveCfg = Debug|Any CPU
		{EB2A7696-C753-41CF-8623-A944F22F188A}.Debug|x86.Build.0 = Debug|Any CPU
		{EB2A7696-C753-41CF-8623-A944F22F188A}.Release|Any CPU.ActiveCfg = Release|Any CPU
		{EB2A7696-C753-41CF-8623-A944F22F188A}.Release|Any CPU.Build.0 = Release|Any CPU
		{EB2A7696-C753-41CF-8623-A944F22F188A}.Release|x64.ActiveCfg = Release|Any CPU
		{EB2A7696-C753-41CF-8623-A944F22F188A}.Release|x64.Build.0 = Release|Any CPU
		{EB2A7696-C753-41CF-8623-A944F22F188A}.Release|x86.ActiveCfg = Release|Any CPU
		{EB2A7696-C753-41CF-8623-A944F22F188A}.Release|x86.Build.0 = Release|Any CPU
	EndGlobalSection
	GlobalSection(SolutionProperties) = preSolution
		HideSolutionNode = FALSE
	EndGlobalSection
	GlobalSection(NestedProjects) = preSolution
		{346EE597-19DE-4A43-984A-1C49D8ED2F85} = {59896B04-EDB9-453C-B64B-1FBC399FA070}
		{6C8B9472-B63B-43F8-8FEA-459808345AB0} = {59896B04-EDB9-453C-B64B-1FBC399FA070}
		{91D907EC-A000-4294-8537-E59181BFA972} = {837BE5E4-3DFA-8F18-8167-125F075A5993}
		{EB2A7696-C753-41CF-8623-A944F22F188A} = {837BE5E4-3DFA-8F18-8167-125F075A5993}
	EndGlobalSection
EndGlobal
